Microsoft Visual Studio Solution File, Format Version 12.00
# Visual Studio Version 17
VisualStudioVersion = 17.5.2.0
MinimumVisualStudioVersion = 10.0.40219.1
Project("{FAE04EC0-301F-11D3-BF4B-00C04F79EFBC}") = "ManavAsistaniApp", "ManavAsistaniApp\ManavAsistaniApp.csproj", "{4ADA6AD5-F776-6206-6A37-FBB78E5520E6}"
EndProject
Global
	GlobalSection(SolutionConfigurationPlatforms) = preSolution
		Debug|Any CPU = Debug|Any CPU
		Release|Any CPU = Release|Any CPU
	EndGlobalSection
	GlobalSection(ProjectConfigurationPlatforms) = postSolution
		{4ADA6AD5-F776-6206-6A37-FBB78E5520E6}.Debug|Any CPU.ActiveCfg = Debug|Any CPU
		{4ADA6AD5-F776-6206-6A37-FBB78E5520E6}.Debug|Any CPU.Build.0 = Debug|Any CPU
		{4ADA6AD5-F776-6206-6A37-FBB78E5520E6}.Release|Any CPU.ActiveCfg = Release|Any CPU
		{4ADA6AD5-F776-6206-6A37-FBB78E5520E6}.Release|Any CPU.Build.0 = Release|Any CPU
	EndGlobalSection
	GlobalSection(SolutionProperties) = preSolution
		HideSolutionNode = FALSE
	EndGlobalSection
	GlobalSection(ExtensibilityGlobals) = postSolution
		SolutionGuid = {F91E2FB3-D1D5-44A1-A42F-8E9914A6FE0C}
	EndGlobalSection
EndGlobal
